{
  "name": "superior-slider-demo",
  "version": "1.0.0",
  "lockfileVersion": 3,
  "requires": true,
  "packages": {
    "": {
      "name": "superior-slider-demo",
      "version": "1.0.0",
      "license": "ISC",
      "dependencies": {
        "superior-slider": "^1.0.2"
      }
    },
    "node_modules/superior-slider": {
      "version": "1.0.3",
      "resolved": "https://registry.npmjs.org/superior-slider/-/superior-slider-1.0.3.tgz",
      "integrity": "sha512-aK5Epa8GFod8n6U6hMjmOXIpWhJLkSTaRQATmnQc1D+Wj5p2ssF9iNYtxSK1PbXDRGp6yJ3DSKoN6T73IP+18Q==",
      "license": "MIT"
    }
  }
}
